<?xml version="1.0" encoding="UTF-8" standalone="yes" ?>
<CodeBlocks_project_file>
	<FileVersion major="1" minor="6" />
	<Project>
		<Option title="KEIL_PROJECT" />
		<Option pch_mode="2" />
		<Option compiler="keilc51" />
		<Build>
			<Target title="Debug">
				<Option output="cb_bin/Debug/KEIL_PROJECT.omf" prefix_auto="1" extension_auto="0" />
				<Option working_dir="" />
				<Option object_output="cb_obj/Debug/" />
				<Option type="5" />
				<Option compiler="keilc51" />
				<Compiler>
					<Add option="DEBUG" />
					<Add option="OBJECTEXTEND" />
				</Compiler>
			</Target>
			<Target title="Release">
				<Option output="cb_bin/Release/KEIL_PROJECT.omf" prefix_auto="1" extension_auto="0" />
				<Option working_dir="" />
				<Option object_output="cb_obj/Release/" />
				<Option type="5" />
				<Option compiler="keilc51" />
				<Compiler>
					<Add option="OPTIMIZE(11,SIZE)" />
				</Compiler>
			</Target>
		</Build>
		<Compiler>
			<Add option="SMALL" />
		</Compiler>
		<Linker>
			<Add option="RAMSIZE(256)" />
			<Add option="XDATA(0x0-0x0FFF)" />
			<Add option="CODE(0x0-0xFFFF)" />
			<Add library="C51S" />
		</Linker>
		<Unit filename="Delayer.c">
			<Option compilerVar="CC" />
		</Unit>
		<Unit filename="Delayer.h" />
		<Unit filename="IO_PORT.h" />
		<Unit filename="Motor.c">
			<Option compilerVar="CC" />
		</Unit>
		<Unit filename="STC15.h" />
		<Unit filename="SignalCpu.c">
			<Option compilerVar="CC" />
		</Unit>
		<Unit filename="SignalCpu.h" />
		<Unit filename="WatchDog.c">
			<Option compilerVar="CC" />
		</Unit>
		<Unit filename="WatchDog.h" />
		<Unit filename="Water.c">
			<Option compilerVar="CC" />
		</Unit>
		<Unit filename="Water.h" />
		<Unit filename="inductor.c">
			<Option compilerVar="CC" />
		</Unit>
		<Unit filename="inductor.h" />
		<Unit filename="main.c">
			<Option compilerVar="CC" />
		</Unit>
		<Unit filename="motor.h" />
		<Unit filename="serialPort.c">
			<Option compilerVar="CC" />
		</Unit>
		<Unit filename="serialPort.h" />
		<Unit filename="threading.c">
			<Option compilerVar="CC" />
		</Unit>
		<Unit filename="threading.h" />
		<Extensions>
			<code_completion />
			<envvars />
			<debugger />
		</Extensions>
	</Project>
</CodeBlocks_project_file>
